// !$*UTF8*$!
{
	archiveVersion = 1;
	classes = {
	};
	objectVersion = 50;
	objects = {

/* Begin PBXBuildFile section */
		31EF65702788FBF2456B2D7D /* libPods-my iOS Swift App.a in Frameworks */ = {isa = PBXBuildFile; fileRef = 6F1B90091FD29ED9108EC03E /* libPods-my iOS Swift App.a */; };
		87991BA421B4E6D200FB07C1 /* GraphData.swift in Sources */ = {isa = PBXBuildFile; fileRef = 87991BA321B4E6D200FB07C1 /* GraphData.swift */; };
		87D2CEB921B10DAC00E5004F /* AppDelegate.swift in Sources */ = {isa = PBXBuildFile; fileRef = 87D2CEB821B10DAC00E5004F /* AppDelegate.swift */; };
		87D2CEBB21B10DAC00E5004F /* FirstViewController.swift in Sources */ = {isa = PBXBuildFile; fileRef = 87D2CEBA21B10DAC00E5004F /* FirstViewController.swift */; };
		87D2CEBD21B10DAC00E5004F /* SecondViewController.swift in Sources */ = {isa = PBXBuildFile; fileRef = 87D2CEBC21B10DAC00E5004F /* SecondViewController.swift */; };
		87D2CEC021B10DAC00E5004F /* Main.storyboard in Resources */ = {isa = PBXBuildFile; fileRef = 87D2CEBE21B10DAC00E5004F /* Main.storyboard */; };
		87D2CEC221B10DAE00E5004F /* Assets.xcassets in Resources */ = {isa = PBXBuildFile; fileRef = 87D2CEC121B10DAE00E5004F /* Assets.xcassets */; };
		87D2CEC521B10DAE00E5004F /* LaunchScreen.storyboard in Resources */ = {isa = PBXBuildFile; fileRef = 87D2CEC321B10DAE00E5004F /* LaunchScreen.storyboard */; };
		87D2CED121B10FAA00E5004F /* ApplicationConstants.swift in Sources */ = {isa = PBXBuildFile; fileRef = 87D2CECC21B10FAA00E5004F /* ApplicationConstants.swift */; };
		87D2CED221B10FAA00E5004F /* Authentication.swift in Sources */ = {isa = PBXBuildFile; fileRef = 87D2CECD21B10FAA00E5004F /* Authentication.swift */; };
		87D2CED321B10FAA00E5004F /* SendViewController.swift in Sources */ = {isa = PBXBuildFile; fileRef = 87D2CECF21B10FAA00E5004F /* SendViewController.swift */; };
		87D2CED421B10FAA00E5004F /* ConnectViewController.swift in Sources */ = {isa = PBXBuildFile; fileRef = 87D2CED021B10FAA00E5004F /* ConnectViewController.swift */; };
/* End PBXBuildFile section */

/* Begin PBXFileReference section */
		21F8BDCFC02CAE24CD2A3FC8 /* Pods-my iOS Swift App.debug.xcconfig */ = {isa = PBXFileReference; includeInIndex = 1; lastKnownFileType = text.xcconfig; name = "Pods-my iOS Swift App.debug.xcconfig"; path = "Pods/Target Support Files/Pods-my iOS Swift App/Pods-my iOS Swift App.debug.xcconfig"; sourceTree = "<group>"; };
		6F1B90091FD29ED9108EC03E /* libPods-my iOS Swift App.a */ = {isa = PBXFileReference; explicitFileType = archive.ar; includeInIndex = 0; path = "libPods-my iOS Swift App.a"; sourceTree = BUILT_PRODUCTS_DIR; };
		87991BA321B4E6D200FB07C1 /* GraphData.swift */ = {isa = PBXFileReference; lastKnownFileType = sourcecode.swift; path = GraphData.swift; sourceTree = "<group>"; };
		87D2CEB521B10DAC00E5004F /* my iOS Swift App.app */ = {isa = PBXFileReference; explicitFileType = wrapper.application; includeInIndex = 0; path = "my iOS Swift App.app"; sourceTree = BUILT_PRODUCTS_DIR; };
		87D2CEB821B10DAC00E5004F /* AppDelegate.swift */ = {isa = PBXFileReference; lastKnownFileType = sourcecode.swift; path = AppDelegate.swift; sourceTree = "<group>"; };
		87D2CEBA21B10DAC00E5004F /* FirstViewController.swift */ = {isa = PBXFileReference; lastKnownFileType = sourcecode.swift; path = FirstViewController.swift; sourceTree = "<group>"; };
		87D2CEBC21B10DAC00E5004F /* SecondViewController.swift */ = {isa = PBXFileReference; lastKnownFileType = sourcecode.swift; path = SecondViewController.swift; sourceTree = "<group>"; };
		87D2CEBF21B10DAC00E5004F /* Base */ = {isa = PBXFileReference; lastKnownFileType = file.storyboard; name = Base; path = Base.lproj/Main.storyboard; sourceTree = "<group>"; };
		87D2CEC121B10DAE00E5004F /* Assets.xcassets */ = {isa = PBXFileReference; lastKnownFileType = folder.assetcatalog; path = Assets.xcassets; sourceTree = "<group>"; };
		87D2CEC421B10DAE00E5004F /* Base */ = {isa = PBXFileReference; lastKnownFileType = file.storyboard; name = Base; path = Base.lproj/LaunchScreen.storyboard; sourceTree = "<group>"; };
		87D2CEC621B10DAE00E5004F /* Info.plist */ = {isa = PBXFileReference; lastKnownFileType = text.plist.xml; path = Info.plist; sourceTree = "<group>"; };
		87D2CECC21B10FAA00E5004F /* ApplicationConstants.swift */ = {isa = PBXFileReference; fileEncoding = 4; lastKnownFileType = sourcecode.swift; path = ApplicationConstants.swift; sourceTree = "<group>"; };
		87D2CECD21B10FAA00E5004F /* Authentication.swift */ = {isa = PBXFileReference; fileEncoding = 4; lastKnownFileType = sourcecode.swift; path = Authentication.swift; sourceTree = "<group>"; };
		87D2CECE21B10FAA00E5004F /* Graph-iOS-Swift-Connect-Bridging-Header.h */ = {isa = PBXFileReference; fileEncoding = 4; lastKnownFileType = sourcecode.c.h; path = "Graph-iOS-Swift-Connect-Bridging-Header.h"; sourceTree = "<group>"; };
		87D2CECF21B10FAA00E5004F /* SendViewController.swift */ = {isa = PBXFileReference; fileEncoding = 4; lastKnownFileType = sourcecode.swift; path = SendViewController.swift; sourceTree = "<group>"; };
		87D2CED021B10FAA00E5004F /* ConnectViewController.swift */ = {isa = PBXFileReference; fileEncoding = 4; lastKnownFileType = sourcecode.swift; path = ConnectViewController.swift; sourceTree = "<group>"; };
		C5C1B76DFA43AED1CCC62CE0 /* Pods-my iOS Swift App.release.xcconfig */ = {isa = PBXFileReference; includeInIndex = 1; lastKnownFileType = text.xcconfig; name = "Pods-my iOS Swift App.release.xcconfig"; path = "Pods/Target Support Files/Pods-my iOS Swift App/Pods-my iOS Swift App.release.xcconfig"; sourceTree = "<group>"; };
/* End PBXFileReference section */

/* Begin PBXFrameworksBuildPhase section */
		87D2CEB221B10DAC00E5004F /* Frameworks */ = {
			isa = PBXFrameworksBuildPhase;
			buildActionMask = 2147483647;
			files = (
				31EF65702788FBF2456B2D7D /* libPods-my iOS Swift App.a in Frameworks */,
			);
			runOnlyForDeploymentPostprocessing = 0;
		};
/* End PBXFrameworksBuildPhase section */

/* Begin PBXGroup section */
		03BC215519E1CC2AE2DD11F3 /* Pods */ = {
			isa = PBXGroup;
			children = (
				21F8BDCFC02CAE24CD2A3FC8 /* Pods-my iOS Swift App.debug.xcconfig */,
				C5C1B76DFA43AED1CCC62CE0 /* Pods-my iOS Swift App.release.xcconfig */,
			);
			name = Pods;
			sourceTree = "<group>";
		};
		87D2CEAC21B10DAC00E5004F = {
			isa = PBXGroup;
			children = (
				87D2CEB721B10DAC00E5004F /* my iOS Swift App */,
				87D2CEB621B10DAC00E5004F /* Products */,
				03BC215519E1CC2AE2DD11F3 /* Pods */,
				E0FC6AE5732007174FEBACEB /* Frameworks */,
			);
			sourceTree = "<group>";
		};
		87D2CEB621B10DAC00E5004F /* Products */ = {
			isa = PBXGroup;
			children = (
				87D2CEB521B10DAC00E5004F /* my iOS Swift App.app */,
			);
			name = Products;
			sourceTree = "<group>";
		};
		87D2CEB721B10DAC00E5004F /* my iOS Swift App */ = {
			isa = PBXGroup;
			children = (
				87D2CECC21B10FAA00E5004F /* ApplicationConstants.swift */,
				87D2CECD21B10FAA00E5004F /* Authentication.swift */,
				87D2CED021B10FAA00E5004F /* ConnectViewController.swift */,
				87D2CECE21B10FAA00E5004F /* Graph-iOS-Swift-Connect-Bridging-Header.h */,
				87D2CECF21B10FAA00E5004F /* SendViewController.swift */,
				87D2CEB821B10DAC00E5004F /* AppDelegate.swift */,
				87D2CEBA21B10DAC00E5004F /* FirstViewController.swift */,
				87D2CEBC21B10DAC00E5004F /* SecondViewController.swift */,
				87D2CEBE21B10DAC00E5004F /* Main.storyboard */,
				87D2CEC121B10DAE00E5004F /* Assets.xcassets */,
				87D2CEC321B10DAE00E5004F /* LaunchScreen.storyboard */,
				87D2CEC621B10DAE00E5004F /* Info.plist */,
				87991BA321B4E6D200FB07C1 /* GraphData.swift */,
			);
			path = "my iOS Swift App";
			sourceTree = "<group>";
		};
		E0FC6AE5732007174FEBACEB /* Frameworks */ = {
			isa = PBXGroup;
			children = (
				6F1B90091FD29ED9108EC03E /* libPods-my iOS Swift App.a */,
			);
			name = Frameworks;
			sourceTree = "<group>";
		};
/* End PBXGroup section */

/* Begin PBXNativeTarget section */
		87D2CEB421B10DAC00E5004F /* my iOS Swift App */ = {
			isa = PBXNativeTarget;
			buildConfigurationList = 87D2CEC921B10DAE00E5004F /* Build configuration list for PBXNativeTarget "my iOS Swift App" */;
			buildPhases = (
				C0AA7A63D60750B88AA80038 /* [CP] Check Pods Manifest.lock */,
				87D2CEB121B10DAC00E5004F /* Sources */,
				87D2CEB221B10DAC00E5004F /* Frameworks */,
				87D2CEB321B10DAC00E5004F /* Resources */,
			);
			buildRules = (
			);
			dependencies = (
			);
			name = "my iOS Swift App";
			productName = "my iOS Swift App";
			productReference = 87D2CEB521B10DAC00E5004F /* my iOS Swift App.app */;
			productType = "com.apple.product-type.application";
		};
/* End PBXNativeTarget section */

/* Begin PBXProject section */
		87D2CEAD21B10DAC00E5004F /* Project object */ = {
			isa = PBXProject;
			attributes = {
				LastSwiftUpdateCheck = 1010;
				LastUpgradeCheck = 1010;
				ORGANIZATIONNAME = "Hello Tham";
				TargetAttributes = {
					87D2CEB421B10DAC00E5004F = {
						CreatedOnToolsVersion = 10.1;
					};
				};
			};
			buildConfigurationList = 87D2CEB021B10DAC00E5004F /* Build configuration list for PBXProject "my iOS Swift App" */;
			compatibilityVersion = "Xcode 9.3";
			developmentRegion = en;
			hasScannedForEncodings = 0;
			knownRegions = (
				en,
				Base,
			);
			mainGroup = 87D2CEAC21B10DAC00E5004F;
			productRefGroup = 87D2CEB621B10DAC00E5004F /* Products */;
			projectDirPath = "";
			projectRoot = "";
			targets = (
				87D2CEB421B10DAC00E5004F /* my iOS Swift App */,
			);
		};
/* End PBXProject section */

/* Begin PBXResourcesBuildPhase section */
		87D2CEB321B10DAC00E5004F /* Resources */ = {
			isa = PBXResourcesBuildPhase;
			buildActionMask = 2147483647;
			files = (
				87D2CEC521B10DAE00E5004F /* LaunchScreen.storyboard in Resources */,
				87D2CEC221B10DAE00E5004F /* Assets.xcassets in Resources */,
				87D2CEC021B10DAC00E5004F /* Main.storyboard in Resources */,
			);
			runOnlyForDeploymentPostprocessing = 0;
		};
/* End PBXResourcesBuildPhase section */

/* Begin PBXShellScriptBuildPhase section */
		C0AA7A63D60750B88AA80038 /* [CP] Check Pods Manifest.lock */ = {
			isa = PBXShellScriptBuildPhase;
			buildActionMask = 2147483647;
			files = (
			);
			inputFileListPaths = (
			);
			inputPaths = (
				"${PODS_PODFILE_DIR_PATH}/Podfile.lock",
				"${PODS_ROOT}/Manifest.lock",
			);
			name = "[CP] Check Pods Manifest.lock";
			outputFileListPaths = (
			);
			outputPaths = (
				"$(DERIVED_FILE_DIR)/Pods-my iOS Swift App-checkManifestLockResult.txt",
			);
			runOnlyForDeploymentPostprocessing = 0;
			shellPath = /bin/sh;
			shellScript = "diff \"${PODS_PODFILE_DIR_PATH}/Podfile.lock\" \"${PODS_ROOT}/Manifest.lock\" > /dev/null\nif [ $? != 0 ] ; then\n    # print error to STDERR\n    echo \"error: The sandbox is not in sync with the Podfile.lock. Run 'pod install' or update your CocoaPods installation.\" >&2\n    exit 1\nfi\n# This output is used by Xcode 'outputs' to avoid re-running this script phase.\necho \"SUCCESS\" > \"${SCRIPT_OUTPUT_FILE_0}\"\n";
			showEnvVarsInLog = 0;
		};
/* End PBXShellScriptBuildPhase section */

/* Begin PBXSourcesBuildPhase section */
		87D2CEB121B10DAC00E5004F /* Sources */ = {
			isa = PBXSourcesBuildPhase;
			buildActionMask = 2147483647;
			files = (
				87D2CED421B10FAA00E5004F /* ConnectViewController.swift in Sources */,
				87D2CEBD21B10DAC00E5004F /* SecondViewController.swift in Sources */,
				87D2CEB921B10DAC00E5004F /* AppDelegate.swift in Sources */,
				87D2CED321B10FAA00E5004F /* SendViewController.swift in Sources */,
				87D2CED121B10FAA00E5004F /* ApplicationConstants.swift in Sources */,
				87D2CED221B10FAA00E5004F /* Authentication.swift in Sources */,
				87991BA421B4E6D200FB07C1 /* GraphData.swift in Sources */,
				87D2CEBB21B10DAC00E5004F /* FirstViewController.swift in Sources */,
			);
			runOnlyForDeploymentPostprocessing = 0;
		};
/* End PBXSourcesBuildPhase section */

/* Begin PBXVariantGroup section */
		87D2CEBE21B10DAC00E5004F /* Main.storyboard */ = {
			isa = PBXVariantGroup;
			children = (
				87D2CEBF21B10DAC00E5004F /* Base */,
			);
			name = Main.storyboard;
			sourceTree = "<group>";
		};
		87D2CEC321B10DAE00E5004F /* LaunchScreen.storyboard */ = {
			isa = PBXVariantGroup;
			children = (
				87D2CEC421B10DAE00E5004F /* Base */,
			);
			name = LaunchScreen.storyboard;
			sourceTree = "<group>";
		};
/* End PBXVariantGroup section */

/* Begin XCBuildConfiguration section */
		87D2CEC721B10DAE00E5004F /* Debug */ = {
			isa = XCBuildConfiguration;
			buildSettings = {
				ALWAYS_SEARCH_USER_PATHS = NO;
				CLANG_ANALYZER_NONNULL = YES;
				CLANG_ANALYZER_NUMBER_OBJECT_CONVERSION = YES_AGGRESSIVE;
				CLANG_CXX_LANGUAGE_STANDARD = "gnu++14";
				CLANG_CXX_LIBRARY = "libc++";
				CLANG_ENABLE_MODULES = YES;
				CLANG_ENABLE_OBJC_ARC = YES;
				CLANG_ENABLE_OBJC_WEAK = YES;
				CLANG_WARN_BLOCK_CAPTURE_AUTORELEASING = YES;
				CLANG_WARN_BOOL_CONVERSION = YES;
				CLANG_WARN_COMMA = YES;
				CLANG_WARN_CONSTANT_CONVERSION = YES;
				CLANG_WARN_DEPRECATED_OBJC_IMPLEMENTATIONS = YES;
				CLANG_WARN_DIRECT_OBJC_ISA_USAGE = YES_ERROR;
				CLANG_WARN_DOCUMENTATION_COMMENTS = YES;
				CLANG_WARN_EMPTY_BODY = YES;
				CLANG_WARN_ENUM_CONVERSION = YES;
				CLANG_WARN_INFINITE_RECURSION = YES;
				CLANG_WARN_INT_CONVERSION = YES;
				CLANG_WARN_NON_LITERAL_NULL_CONVERSION = YES;
				CLANG_WARN_OBJC_IMPLICIT_RETAIN_SELF = YES;
				CLANG_WARN_OBJC_LITERAL_CONVERSION = YES;
				CLANG_WARN_OBJC_ROOT_CLASS = YES_ERROR;
				CLANG_WARN_RANGE_LOOP_ANALYSIS = YES;
				CLANG_WARN_STRICT_PROTOTYPES = YES;
				CLANG_WARN_SUSPICIOUS_MOVE = YES;
				CLANG_WARN_UNGUARDED_AVAILABILITY = YES_AGGRESSIVE;
				CLANG_WARN_UNREACHABLE_CODE = YES;
				CLANG_WARN__DUPLICATE_METHOD_MATCH = YES;
				CODE_SIGN_IDENTITY = "iPhone Developer";
				COPY_PHASE_STRIP = NO;
				DEBUG_INFORMATION_FORMAT = dwarf;
				ENABLE_STRICT_OBJC_MSGSEND = YES;
				ENABLE_TESTABILITY = YES;
				GCC_C_LANGUAGE_STANDARD = gnu11;
				GCC_DYNAMIC_NO_PIC = NO;
				GCC_NO_COMMON_BLOCKS = YES;
				GCC_OPTIMIZATION_LEVEL = 0;
				GCC_PREPROCESSOR_DEFINITIONS = (
					"DEBUG=1",
					"$(inherited)",
				);
				GCC_WARN_64_TO_32_BIT_CONVERSION = YES;
				GCC_WARN_ABOUT_RETURN_TYPE = YES_ERROR;
				GCC_WARN_UNDECLARED_SELECTOR = YES;
				GCC_WARN_UNINITIALIZED_AUTOS = YES_AGGRESSIVE;
				GCC_WARN_UNUSED_FUNCTION = YES;
				GCC_WARN_UNUSED_VARIABLE = YES;
				IPHONEOS_DEPLOYMENT_TARGET = 12.1;
				MTL_ENABLE_DEBUG_INFO = INCLUDE_SOURCE;
				MTL_FAST_MATH = YES;
				ONLY_ACTIVE_ARCH = YES;
				SDKROOT = iphoneos;
				SWIFT_ACTIVE_COMPILATION_CONDITIONS = DEBUG;
				SWIFT_OPTIMIZATION_LEVEL = "-Onone";
			};
			name = Debug;
		};
		87D2CEC821B10DAE00E5004F /* Release */ = {
			isa = XCBuildConfiguration;
			buildSettings = {
				ALWAYS_SEARCH_USER_PATHS = NO;
				CLANG_ANALYZER_NONNULL = YES;
				CLANG_ANALYZER_NUMBER_OBJECT_CONVERSION = YES_AGGRESSIVE;
				CLANG_CXX_LANGUAGE_STANDARD = "gnu++14";
				CLANG_CXX_LIBRARY = "libc++";
				CLANG_ENABLE_MODULES = YES;
				CLANG_ENABLE_OBJC_ARC = YES;
				CLANG_ENABLE_OBJC_WEAK = YES;
				CLANG_WARN_BLOCK_CAPTURE_AUTORELEASING = YES;
				CLANG_WARN_BOOL_CONVERSION = YES;
				CLANG_WARN_COMMA = YES;
				CLANG_WARN_CONSTANT_CONVERSION = YES;
				CLANG_WARN_DEPRECATED_OBJC_IMPLEMENTATIONS = YES;
				CLANG_WARN_DIRECT_OBJC_ISA_USAGE = YES_ERROR;
				CLANG_WARN_DOCUMENTATION_COMMENTS = YES;
				CLANG_WARN_EMPTY_BODY = YES;
				CLANG_WARN_ENUM_CONVERSION = YES;
				CLANG_WARN_INFINITE_RECURSION = YES;
				CLANG_WARN_INT_CONVERSION = YES;
				CLANG_WARN_NON_LITERAL_NULL_CONVERSION = YES;
				CLANG_WARN_OBJC_IMPLICIT_RETAIN_SELF = YES;
				CLANG_WARN_OBJC_LITERAL_CONVERSION = YES;
				CLANG_WARN_OBJC_ROOT_CLASS = YES_ERROR;
				CLANG_WARN_RANGE_LOOP_ANALYSIS = YES;
				CLANG_WARN_STRICT_PROTOTYPES = YES;
				CLANG_WARN_SUSPICIOUS_MOVE = YES;
				CLANG_WARN_UNGUARDED_AVAILABILITY = YES_AGGRESSIVE;
				CLANG_WARN_UNREACHABLE_CODE = YES;
				CLANG_WARN__DUPLICATE_METHOD_MATCH = YES;
				CODE_SIGN_IDENTITY = "iPhone Developer";
				COPY_PHASE_STRIP = NO;
				DEBUG_INFORMATION_FORMAT = "dwarf-with-dsym";
				ENABLE_NS_ASSERTIONS = NO;
				ENABLE_STRICT_OBJC_MSGSEND = YES;
				GCC_C_LANGUAGE_STANDARD = gnu11;
				GCC_NO_COMMON_BLOCKS = YES;
				GCC_WARN_64_TO_32_BIT_CONVERSION = YES;
				GCC_WARN_ABOUT_RETURN_TYPE = YES_ERROR;
				GCC_WARN_UNDECLARED_SELECTOR = YES;
				GCC_WARN_UNINITIALIZED_AUTOS = YES_AGGRESSIVE;
				GCC_WARN_UNUSED_FUNCTION = YES;
				GCC_WARN_UNUSED_VARIABLE = YES;
				IPHONEOS_DEPLOYMENT_TARGET = 12.1;
				MTL_ENABLE_DEBUG_INFO = NO;
				MTL_FAST_MATH = YES;
				SDKROOT = iphoneos;
				SWIFT_COMPILATION_MODE = wholemodule;
				SWIFT_OPTIMIZATION_LEVEL = "-O";
				VALIDATE_PRODUCT = YES;
			};
			name = Release;
		};
		87D2CECA21B10DAE00E5004F /* Debug */ = {
			isa = XCBuildConfiguration;
			baseConfigurationReference = 21F8BDCFC02CAE24CD2A3FC8 /* Pods-my iOS Swift App.debug.xcconfig */;
			buildSettings = {
				ASSETCATALOG_COMPILER_APPICON_NAME = AppIcon;
				CODE_SIGN_STYLE = Automatic;
				DEVELOPMENT_TEAM = 8CU263VDFG;
				INFOPLIST_FILE = "my iOS Swift App/Info.plist";
				LD_RUNPATH_SEARCH_PATHS = (
					"$(inherited)",
					"@executable_path/Frameworks",
				);
				PRODUCT_BUNDLE_IDENTIFIER = "com.hellotham.my-iOS-Swift-App";
				PRODUCT_NAME = "$(TARGET_NAME)";
				SWIFT_OBJC_BRIDGING_HEADER = "my iOS Swift App/Graph-iOS-Swift-Connect-Bridging-Header.h";
				SWIFT_VERSION = 4.2;
				TARGETED_DEVICE_FAMILY = "1,2";
			};
			name = Debug;
		};
		87D2CECB21B10DAE00E5004F /* Release */ = {
			isa = XCBuildConfiguration;
			baseConfigurationReference = C5C1B76DFA43AED1CCC62CE0 /* Pods-my iOS Swift App.release.xcconfig */;
			buildSettings = {
				ASSETCATALOG_COMPILER_APPICON_NAME = AppIcon;
				CODE_SIGN_STYLE = Automatic;
				DEVELOPMENT_TEAM = 8CU263VDFG;
				INFOPLIST_FILE = "my iOS Swift App/Info.plist";
				LD_RUNPATH_SEARCH_PATHS = (
					"$(inherited)",
					"@executable_path/Frameworks",
				);
				PRODUCT_BUNDLE_IDENTIFIER = "com.hellotham.my-iOS-Swift-App";
				PRODUCT_NAME = "$(TARGET_NAME)";
				SWIFT_OBJC_BRIDGING_HEADER = "my iOS Swift App/Graph-iOS-Swift-Connect-Bridging-Header.h";
				SWIFT_VERSION = 4.2;
				TARGETED_DEVICE_FAMILY = "1,2";
			};
			name = Release;
		};
/* End XCBuildConfiguration section */

/* Begin XCConfigurationList section */
		87D2CEB021B10DAC00E5004F /* Build configuration list for PBXProject "my iOS Swift App" */ = {
			isa = XCConfigurationList;
			buildConfigurations = (
				87D2CEC721B10DAE00E5004F /* Debug */,
				87D2CEC821B10DAE00E5004F /* Release */,
			);
			defaultConfigurationIsVisible = 0;
			defaultConfigurationName = Release;
		};
		87D2CEC921B10DAE00E5004F /* Build configuration list for PBXNativeTarget "my iOS Swift App" */ = {
			isa = XCConfigurationList;
			buildConfigurations = (
				87D2CECA21B10DAE00E5004F /* Debug */,
				87D2CECB21B10DAE00E5004F /* Release */,
			);
			defaultConfigurationIsVisible = 0;
			defaultConfigurationName = Release;
		};
/* End XCConfigurationList section */
	};
	rootObject = 87D2CEAD21B10DAC00E5004F /* Project object */;
}
